// !$*UTF8*$!
{
	archiveVersion = 1;
	classes = {
	};
	objectVersion = 56;
	objects = {

/* Begin PBXBuildFile section */
		41BC54942ADA61640091028B /* AppDelegate.swift in Sources */ = {isa = PBXBuildFile; fileRef = 41BC54932ADA61640091028B /* AppDelegate.swift */; };
		41BC54962ADA61640091028B /* SceneDelegate.swift in Sources */ = {isa = PBXBuildFile; fileRef = 41BC54952ADA61640091028B /* SceneDelegate.swift */; };
		41BC54982ADA61640091028B /* ViewController.swift in Sources */ = {isa = PBXBuildFile; fileRef = 41BC54972ADA61640091028B /* ViewController.swift */; };
		41BC549B2ADA61640091028B /* Main.storyboard in Resources */ = {isa = PBXBuildFile; fileRef = 41BC54992ADA61640091028B /* Main.storyboard */; };
		41BC549D2ADA61650091028B /* Assets.xcassets in Resources */ = {isa = PBXBuildFile; fileRef = 41BC549C2ADA61650091028B /* Assets.xcassets */; };
		41BC54A02ADA61650091028B /* LaunchScreen.storyboard in Resources */ = {isa = PBXBuildFile; fileRef = 41BC549E2ADA61650091028B /* LaunchScreen.storyboard */; };
		41BC54AB2ADA74420091028B /* ListadoViewController.swift in Sources */ = {isa = PBXBuildFile; fileRef = 41BC54AA2ADA74420091028B /* ListadoViewController.swift */; };
		41BC54AD2ADA747F0091028B /* NuevoPlatoViewController.swift in Sources */ = {isa = PBXBuildFile; fileRef = 41BC54AC2ADA747F0091028B /* NuevoPlatoViewController.swift */; };
		41BC54AF2ADA74AE0091028B /* DetallePlatoViewController.swift in Sources */ = {isa = PBXBuildFile; fileRef = 41BC54AE2ADA74AE0091028B /* DetallePlatoViewController.swift */; };
		41BC54B12ADA75A40091028B /* ItemPlatoTableViewCell.swift in Sources */ = {isa = PBXBuildFile; fileRef = 41BC54B02ADA75A40091028B /* ItemPlatoTableViewCell.swift */; };
		41BC54B32ADA774B0091028B /* Plato.swift in Sources */ = {isa = PBXBuildFile; fileRef = 41BC54B22ADA774B0091028B /* Plato.swift */; };
/* End PBXBuildFile section */

/* Begin PBXFileReference section */
		41BC54902ADA61640091028B /* C6-iOS-CL2-LaBuenaComida.app */ = {isa = PBXFileReference; explicitFileType = wrapper.application; includeInIndex = 0; path = "C6-iOS-CL2-LaBuenaComida.app"; sourceTree = BUILT_PRODUCTS_DIR; };
		41BC54932ADA61640091028B /* AppDelegate.swift */ = {isa = PBXFileReference; lastKnownFileType = sourcecode.swift; path = AppDelegate.swift; sourceTree = "<group>"; };
		41BC54952ADA61640091028B /* SceneDelegate.swift */ = {isa = PBXFileReference; lastKnownFileType = sourcecode.swift; path = SceneDelegate.swift; sourceTree = "<group>"; };
		41BC54972ADA61640091028B /* ViewController.swift */ = {isa = PBXFileReference; lastKnownFileType = sourcecode.swift; path = ViewController.swift; sourceTree = "<group>"; };
		41BC549A2ADA61640091028B /* Base */ = {isa = PBXFileReference; lastKnownFileType = file.storyboard; name = Base; path = Base.lproj/Main.storyboard; sourceTree = "<group>"; };
		41BC549C2ADA61650091028B /* Assets.xcassets */ = {isa = PBXFileReference; lastKnownFileType = folder.assetcatalog; path = Assets.xcassets; sourceTree = "<group>"; };
		41BC549F2ADA61650091028B /* Base */ = {isa = PBXFileReference; lastKnownFileType = file.storyboard; name = Base; path = Base.lproj/LaunchScreen.storyboard; sourceTree = "<group>"; };
		41BC54A12ADA61650091028B /* Info.plist */ = {isa = PBXFileReference; lastKnownFileType = text.plist.xml; path = Info.plist; sourceTree = "<group>"; };
		41BC54AA2ADA74420091028B /* ListadoViewController.swift */ = {isa = PBXFileReference; lastKnownFileType = sourcecode.swift; path = ListadoViewController.swift; sourceTree = "<group>"; };
		41BC54AC2ADA747F0091028B /* NuevoPlatoViewController.swift */ = {isa = PBXFileReference; lastKnownFileType = sourcecode.swift; path = NuevoPlatoViewController.swift; sourceTree = "<group>"; };
		41BC54AE2ADA74AE0091028B /* DetallePlatoViewController.swift */ = {isa = PBXFileReference; lastKnownFileType = sourcecode.swift; path = DetallePlatoViewController.swift; sourceTree = "<group>"; };
		41BC54B02ADA75A40091028B /* ItemPlatoTableViewCell.swift */ = {isa = PBXFileReference; lastKnownFileType = sourcecode.swift; path = ItemPlatoTableViewCell.swift; sourceTree = "<group>"; };
		41BC54B22ADA774B0091028B /* Plato.swift */ = {isa = PBXFileReference; lastKnownFileType = sourcecode.swift; path = Plato.swift; sourceTree = "<group>"; };
/* End PBXFileReference section */

/* Begin PBXFrameworksBuildPhase section */
		41BC548D2ADA61640091028B /* Frameworks */ = {
			isa = PBXFrameworksBuildPhase;
			buildActionMask = 2147483647;
			files = (
			);
			runOnlyForDeploymentPostprocessing = 0;
		};
/* End PBXFrameworksBuildPhase section */

/* Begin PBXGroup section */
		41BC54872ADA61640091028B = {
			isa = PBXGroup;
			children = (
				41BC54922ADA61640091028B /* C6-iOS-CL2-LaBuenaComida */,
				41BC54912ADA61640091028B /* Products */,
			);
			sourceTree = "<group>";
		};
		41BC54912ADA61640091028B /* Products */ = {
			isa = PBXGroup;
			children = (
				41BC54902ADA61640091028B /* C6-iOS-CL2-LaBuenaComida.app */,
			);
			name = Products;
			sourceTree = "<group>";
		};
		41BC54922ADA61640091028B /* C6-iOS-CL2-LaBuenaComida */ = {
			isa = PBXGroup;
			children = (
				41BC54A92ADA74190091028B /* View */,
				41BC54A82ADA740A0091028B /* Model */,
				41BC54A72ADA73F30091028B /* Controller */,
				41BC54932ADA61640091028B /* AppDelegate.swift */,
				41BC54952ADA61640091028B /* SceneDelegate.swift */,
				41BC54972ADA61640091028B /* ViewController.swift */,
				41BC54992ADA61640091028B /* Main.storyboard */,
				41BC549C2ADA61650091028B /* Assets.xcassets */,
				41BC549E2ADA61650091028B /* LaunchScreen.storyboard */,
				41BC54A12ADA61650091028B /* Info.plist */,
			);
			path = "C6-iOS-CL2-LaBuenaComida";
			sourceTree = "<group>";
		};
		41BC54A72ADA73F30091028B /* Controller */ = {
			isa = PBXGroup;
			children = (
				41BC54AA2ADA74420091028B /* ListadoViewController.swift */,
				41BC54AC2ADA747F0091028B /* NuevoPlatoViewController.swift */,
				41BC54AE2ADA74AE0091028B /* DetallePlatoViewController.swift */,
			);
			path = Controller;
			sourceTree = "<group>";
		};
		41BC54A82ADA740A0091028B /* Model */ = {
			isa = PBXGroup;
			children = (
				41BC54B22ADA774B0091028B /* Plato.swift */,
			);
			path = Model;
			sourceTree = "<group>";
		};
		41BC54A92ADA74190091028B /* View */ = {
			isa = PBXGroup;
			children = (
				41BC54B02ADA75A40091028B /* ItemPlatoTableViewCell.swift */,
			);
			path = View;
			sourceTree = "<group>";
		};
/* End PBXGroup section */

/* Begin PBXNativeTarget section */
		41BC548F2ADA61640091028B /* C6-iOS-CL2-LaBuenaComida */ = {
			isa = PBXNativeTarget;
			buildConfigurationList = 41BC54A42ADA61650091028B /* Build configuration list for PBXNativeTarget "C6-iOS-CL2-LaBuenaComida" */;
			buildPhases = (
				41BC548C2ADA61640091028B /* Sources */,
				41BC548D2ADA61640091028B /* Frameworks */,
				41BC548E2ADA61640091028B /* Resources */,
			);
			buildRules = (
			);
			dependencies = (
			);
			name = "C6-iOS-CL2-LaBuenaComida";
			productName = "C6-iOS-CL2-LaBuenaComida";
			productReference = 41BC54902ADA61640091028B /* C6-iOS-CL2-LaBuenaComida.app */;
			productType = "com.apple.product-type.application";
		};
/* End PBXNativeTarget section */

/* Begin PBXProject section */
		41BC54882ADA61640091028B /* Project object */ = {
			isa = PBXProject;
			attributes = {
				BuildIndependentTargetsInParallel = 1;
				LastSwiftUpdateCheck = 1430;
				LastUpgradeCheck = 1430;
				TargetAttributes = {
					41BC548F2ADA61640091028B = {
						CreatedOnToolsVersion = 14.3.1;
					};
				};
			};
			buildConfigurationList = 41BC548B2ADA61640091028B /* Build configuration list for PBXProject "C6-iOS-CL2-LaBuenaComida" */;
			compatibilityVersion = "Xcode 14.0";
			developmentRegion = en;
			hasScannedForEncodings = 0;
			knownRegions = (
				en,
				Base,
			);
			mainGroup = 41BC54872ADA61640091028B;
			productRefGroup = 41BC54912ADA61640091028B /* Products */;
			projectDirPath = "";
			projectRoot = "";
			targets = (
				41BC548F2ADA61640091028B /* C6-iOS-CL2-LaBuenaComida */,
			);
		};
/* End PBXProject section */

/* Begin PBXResourcesBuildPhase section */
		41BC548E2ADA61640091028B /* Resources */ = {
			isa = PBXResourcesBuildPhase;
			buildActionMask = 2147483647;
			files = (
				41BC54A02ADA61650091028B /* LaunchScreen.storyboard in Resources */,
				41BC549D2ADA61650091028B /* Assets.xcassets in Resources */,
				41BC549B2ADA61640091028B /* Main.storyboard in Resources */,
			);
			runOnlyForDeploymentPostprocessing = 0;
		};
/* End PBXResourcesBuildPhase section */

/* Begin PBXSourcesBuildPhase section */
		41BC548C2ADA61640091028B /* Sources */ = {
			isa = PBXSourcesBuildPhase;
			buildActionMask = 2147483647;
			files = (
				41BC54982ADA61640091028B /* ViewController.swift in Sources */,
				41BC54B12ADA75A40091028B /* ItemPlatoTableViewCell.swift in Sources */,
				41BC54AB2ADA74420091028B /* ListadoViewController.swift in Sources */,
				41BC54AF2ADA74AE0091028B /* DetallePlatoViewController.swift in Sources */,
				41BC54942ADA61640091028B /* AppDelegate.swift in Sources */,
				41BC54AD2ADA747F0091028B /* NuevoPlatoViewController.swift in Sources */,
				41BC54B32ADA774B0091028B /* Plato.swift in Sources */,
				41BC54962ADA61640091028B /* SceneDelegate.swift in Sources */,
			);
			runOnlyForDeploymentPostprocessing = 0;
		};
/* End PBXSourcesBuildPhase section */

/* Begin PBXVariantGroup section */
		41BC54992ADA61640091028B /* Main.storyboard */ = {
			isa = PBXVariantGroup;
			children = (
				41BC549A2ADA61640091028B /* Base */,
			);
			name = Main.storyboard;
			sourceTree = "<group>";
		};
		41BC549E2ADA61650091028B /* LaunchScreen.storyboard */ = {
			isa = PBXVariantGroup;
			children = (
				41BC549F2ADA61650091028B /* Base */,
			);
			name = LaunchScreen.storyboard;
			sourceTree = "<group>";
		};
/* End PBXVariantGroup section */

/* Begin XCBuildConfiguration section */
		41BC54A22ADA61650091028B /* Debug */ = {
			isa = XCBuildConfiguration;
			buildSettings = {
				ALWAYS_SEARCH_USER_PATHS = NO;
				CLANG_ANALYZER_NONNULL = YES;
				CLANG_ANALYZER_NUMBER_OBJECT_CONVERSION = YES_AGGRESSIVE;
				CLANG_CXX_LANGUAGE_STANDARD = "gnu++20";
				CLANG_ENABLE_MODULES = YES;
				CLANG_ENABLE_OBJC_ARC = YES;
				CLANG_ENABLE_OBJC_WEAK = YES;
				CLANG_WARN_BLOCK_CAPTURE_AUTORELEASING = YES;
				CLANG_WARN_BOOL_CONVERSION = YES;
				CLANG_WARN_COMMA = YES;
				CLANG_WARN_CONSTANT_CONVERSION = YES;
				CLANG_WARN_DEPRECATED_OBJC_IMPLEMENTATIONS = YES;
				CLANG_WARN_DIRECT_OBJC_ISA_USAGE = YES_ERROR;
				CLANG_WARN_DOCUMENTATION_COMMENTS = YES;
				CLANG_WARN_EMPTY_BODY = YES;
				CLANG_WARN_ENUM_CONVERSION = YES;
				CLANG_WARN_INFINITE_RECURSION = YES;
				CLANG_WARN_INT_CONVERSION = YES;
				CLANG_WARN_NON_LITERAL_NULL_CONVERSION = YES;
				CLANG_WARN_OBJC_IMPLICIT_RETAIN_SELF = YES;
				CLANG_WARN_OBJC_LITERAL_CONVERSION = YES;
				CLANG_WARN_OBJC_ROOT_CLASS = YES_ERROR;
				CLANG_WARN_QUOTED_INCLUDE_IN_FRAMEWORK_HEADER = YES;
				CLANG_WARN_RANGE_LOOP_ANALYSIS = YES;
				CLANG_WARN_STRICT_PROTOTYPES = YES;
				CLANG_WARN_SUSPICIOUS_MOVE = YES;
				CLANG_WARN_UNGUARDED_AVAILABILITY = YES_AGGRESSIVE;
				CLANG_WARN_UNREACHABLE_CODE = YES;
				CLANG_WARN__DUPLICATE_METHOD_MATCH = YES;
				COPY_PHASE_STRIP = NO;
				DEBUG_INFORMATION_FORMAT = dwarf;
				ENABLE_STRICT_OBJC_MSGSEND = YES;
				ENABLE_TESTABILITY = YES;
				GCC_C_LANGUAGE_STANDARD = gnu11;
				GCC_DYNAMIC_NO_PIC = NO;
				GCC_NO_COMMON_BLOCKS = YES;
				GCC_OPTIMIZATION_LEVEL = 0;
				GCC_PREPROCESSOR_DEFINITIONS = (
					"DEBUG=1",
					"$(inherited)",
				);
				GCC_WARN_64_TO_32_BIT_CONVERSION = YES;
				GCC_WARN_ABOUT_RETURN_TYPE = YES_ERROR;
				GCC_WARN_UNDECLARED_SELECTOR = YES;
				GCC_WARN_UNINITIALIZED_AUTOS = YES_AGGRESSIVE;
				GCC_WARN_UNUSED_FUNCTION = YES;
				GCC_WARN_UNUSED_VARIABLE = YES;
				IPHONEOS_DEPLOYMENT_TARGET = 16.4;
				MTL_ENABLE_DEBUG_INFO = INCLUDE_SOURCE;
				MTL_FAST_MATH = YES;
				ONLY_ACTIVE_ARCH = YES;
				SDKROOT = iphoneos;
				SWIFT_ACTIVE_COMPILATION_CONDITIONS = DEBUG;
				SWIFT_OPTIMIZATION_LEVEL = "-Onone";
			};
			name = Debug;
		};
		41BC54A32ADA61650091028B /* Release */ = {
			isa = XCBuildConfiguration;
			buildSettings = {
				ALWAYS_SEARCH_USER_PATHS = NO;
				CLANG_ANALYZER_NONNULL = YES;
				CLANG_ANALYZER_NUMBER_OBJECT_CONVERSION = YES_AGGRESSIVE;
				CLANG_CXX_LANGUAGE_STANDARD = "gnu++20";
				CLANG_ENABLE_MODULES = YES;
				CLANG_ENABLE_OBJC_ARC = YES;
				CLANG_ENABLE_OBJC_WEAK = YES;
				CLANG_WARN_BLOCK_CAPTURE_AUTORELEASING = YES;
				CLANG_WARN_BOOL_CONVERSION = YES;
				CLANG_WARN_COMMA = YES;
				CLANG_WARN_CONSTANT_CONVERSION = YES;
				CLANG_WARN_DEPRECATED_OBJC_IMPLEMENTATIONS = YES;
				CLANG_WARN_DIRECT_OBJC_ISA_USAGE = YES_ERROR;
				CLANG_WARN_DOCUMENTATION_COMMENTS = YES;
				CLANG_WARN_EMPTY_BODY = YES;
				CLANG_WARN_ENUM_CONVERSION = YES;
				CLANG_WARN_INFINITE_RECURSION = YES;
				CLANG_WARN_INT_CONVERSION = YES;
				CLANG_WARN_NON_LITERAL_NULL_CONVERSION = YES;
				CLANG_WARN_OBJC_IMPLICIT_RETAIN_SELF = YES;
				CLANG_WARN_OBJC_LITERAL_CONVERSION = YES;
				CLANG_WARN_OBJC_ROOT_CLASS = YES_ERROR;
				CLANG_WARN_QUOTED_INCLUDE_IN_FRAMEWORK_HEADER = YES;
				CLANG_WARN_RANGE_LOOP_ANALYSIS = YES;
				CLANG_WARN_STRICT_PROTOTYPES = YES;
				CLANG_WARN_SUSPICIOUS_MOVE = YES;
				CLANG_WARN_UNGUARDED_AVAILABILITY = YES_AGGRESSIVE;
				CLANG_WARN_UNREACHABLE_CODE = YES;
				CLANG_WARN__DUPLICATE_METHOD_MATCH = YES;
				COPY_PHASE_STRIP = NO;
				DEBUG_INFORMATION_FORMAT = "dwarf-with-dsym";
				ENABLE_NS_ASSERTIONS = NO;
				ENABLE_STRICT_OBJC_MSGSEND = YES;
				GCC_C_LANGUAGE_STANDARD = gnu11;
				GCC_NO_COMMON_BLOCKS = YES;
				GCC_WARN_64_TO_32_BIT_CONVERSION = YES;
				GCC_WARN_ABOUT_RETURN_TYPE = YES_ERROR;
				GCC_WARN_UNDECLARED_SELECTOR = YES;
				GCC_WARN_UNINITIALIZED_AUTOS = YES_AGGRESSIVE;
				GCC_WARN_UNUSED_FUNCTION = YES;
				GCC_WARN_UNUSED_VARIABLE = YES;
				IPHONEOS_DEPLOYMENT_TARGET = 16.4;
				MTL_ENABLE_DEBUG_INFO = NO;
				MTL_FAST_MATH = YES;
				SDKROOT = iphoneos;
				SWIFT_COMPILATION_MODE = wholemodule;
				SWIFT_OPTIMIZATION_LEVEL = "-O";
				VALIDATE_PRODUCT = YES;
			};
			name = Release;
		};
		41BC54A52ADA61650091028B /* Debug */ = {
			isa = XCBuildConfiguration;
			buildSettings = {
				ASSETCATALOG_COMPILER_APPICON_NAME = AppIcon;
				ASSETCATALOG_COMPILER_GLOBAL_ACCENT_COLOR_NAME = AccentColor;
				CODE_SIGN_STYLE = Automatic;
				CURRENT_PROJECT_VERSION = 1;
				GENERATE_INFOPLIST_FILE = YES;
				INFOPLIST_FILE = "C6-iOS-CL2-LaBuenaComida/Info.plist";
				INFOPLIST_KEY_UIApplicationSupportsIndirectInputEvents = YES;
				INFOPLIST_KEY_UILaunchStoryboardName = LaunchScreen;
				INFOPLIST_KEY_UIMainStoryboardFile = Main;
				INFOPLIST_KEY_UISupportedInterfaceOrientations_iPad = "UIInterfaceOrientationPortrait UIInterfaceOrientationPortraitUpsideDown UIInterfaceOrientationLandscapeLeft UIInterfaceOrientationLandscapeRight";
				INFOPLIST_KEY_UISupportedInterfaceOrientations_iPhone = "UIInterfaceOrientationPortrait UIInterfaceOrientationLandscapeLeft UIInterfaceOrientationLandscapeRight";
				LD_RUNPATH_SEARCH_PATHS = (
					"$(inherited)",
					"@executable_path/Frameworks",
				);
				MARKETING_VERSION = 1.0;
				PRODUCT_BUNDLE_IDENTIFIER = "cibertec.edu.pe.C6-iOS-CL2-LaBuenaComida";
				PRODUCT_NAME = "$(TARGET_NAME)";
				SWIFT_EMIT_LOC_STRINGS = YES;
				SWIFT_VERSION = 5.0;
				TARGETED_DEVICE_FAMILY = "1,2";
			};
			name = Debug;
		};
		41BC54A62ADA61650091028B /* Release */ = {
			isa = XCBuildConfiguration;
			buildSettings = {
				ASSETCATALOG_COMPILER_APPICON_NAME = AppIcon;
				ASSETCATALOG_COMPILER_GLOBAL_ACCENT_COLOR_NAME = AccentColor;
				CODE_SIGN_STYLE = Automatic;
				CURRENT_PROJECT_VERSION = 1;
				GENERATE_INFOPLIST_FILE = YES;
				INFOPLIST_FILE = "C6-iOS-CL2-LaBuenaComida/Info.plist";
				INFOPLIST_KEY_UIApplicationSupportsIndirectInputEvents = YES;
				INFOPLIST_KEY_UILaunchStoryboardName = LaunchScreen;
				INFOPLIST_KEY_UIMainStoryboardFile = Main;
				INFOPLIST_KEY_UISupportedInterfaceOrientations_iPad = "UIInterfaceOrientationPortrait UIInterfaceOrientationPortraitUpsideDown UIInterfaceOrientationLandscapeLeft UIInterfaceOrientationLandscapeRight";
				INFOPLIST_KEY_UISupportedInterfaceOrientations_iPhone = "UIInterfaceOrientationPortrait UIInterfaceOrientationLandscapeLeft UIInterfaceOrientationLandscapeRight";
				LD_RUNPATH_SEARCH_PATHS = (
					"$(inherited)",
					"@executable_path/Frameworks",
				);
				MARKETING_VERSION = 1.0;
				PRODUCT_BUNDLE_IDENTIFIER = "cibertec.edu.pe.C6-iOS-CL2-LaBuenaComida";
				PRODUCT_NAME = "$(TARGET_NAME)";
				SWIFT_EMIT_LOC_STRINGS = YES;
				SWIFT_VERSION = 5.0;
				TARGETED_DEVICE_FAMILY = "1,2";
			};
			name = Release;
		};
/* End XCBuildConfiguration section */

/* Begin XCConfigurationList section */
		41BC548B2ADA61640091028B /* Build configuration list for PBXProject "C6-iOS-CL2-LaBuenaComida" */ = {
			isa = XCConfigurationList;
			buildConfigurations = (
				41BC54A22ADA61650091028B /* Debug */,
				41BC54A32ADA61650091028B /* Release */,
			);
			defaultConfigurationIsVisible = 0;
			defaultConfigurationName = Release;
		};
		41BC54A42ADA61650091028B /* Build configuration list for PBXNativeTarget "C6-iOS-CL2-LaBuenaComida" */ = {
			isa = XCConfigurationList;
			buildConfigurations = (
				41BC54A52ADA61650091028B /* Debug */,
				41BC54A62ADA61650091028B /* Release */,
			);
			defaultConfigurationIsVisible = 0;
			defaultConfigurationName = Release;
		};
/* End XCConfigurationList section */
	};
	rootObject = 41BC54882ADA61640091028B /* Project object */;
}
